
Microsoft Visual Studio Solution File, Format Version 12.00
# Visual Studio Version 17
VisualStudioVersion = 17.6.33815.320
MinimumVisualStudioVersion = 10.0.40219.1
Project("{FAE04EC0-301F-11D3-BF4B-00C04F79EFBC}") = "SmallHax.RikaiKyun2", "SmallHax.RikaiKyun2\SmallHax.RikaiKyun2.csproj", "{B154A523-7982-4759-ADFD-12CB3A983039}"
EndProject
Global
	GlobalSection(SolutionConfigurationPlatforms) = preSolution
		Debug|Any CPU = Debug|Any CPU
		Release|Any CPU = Release|Any CPU
	EndGlobalSection
	GlobalSection(ProjectConfigurationPlatforms) = postSolution
		{B154A523-7982-4759-ADFD-12CB3A983039}.Debug|Any CPU.ActiveCfg = Debug|Any CPU
		{B154A523-7982-4759-ADFD-12CB3A983039}.Debug|Any CPU.Build.0 = Debug|Any CPU
		{B154A523-7982-4759-ADFD-12CB3A983039}.Debug|Any CPU.Deploy.0 = Debug|Any CPU
		{B154A523-7982-4759-ADFD-12CB3A983039}.Release|Any CPU.ActiveCfg = Release|Any CPU
		{B154A523-7982-4759-ADFD-12CB3A983039}.Release|Any CPU.Build.0 = Release|Any CPU
		{B154A523-7982-4759-ADFD-12CB3A983039}.Release|Any CPU.Deploy.0 = Release|Any CPU
	EndGlobalSection
	GlobalSection(SolutionProperties) = preSolution
		HideSolutionNode = FALSE
	EndGlobalSection
	GlobalSection(ExtensibilityGlobals) = postSolution
		SolutionGuid = {AFDA0291-A9B7-4F7C-92C8-9E0F83A83EDB}
	EndGlobalSection
EndGlobal
